// !$*UTF8*$!
{
	archiveVersion = 1;
	classes = {
	};
	objectVersion = 48;
	objects = {

/* Begin PBXBuildFile section */
		305F3E7E20738F9800EE1FF6 /* physics.cpp in Sources */ = {isa = PBXBuildFile; fileRef = 305F3E7C20738F9800EE1FF6 /* physics.cpp */; };
		305F3E812073BAF200EE1FF6 /* collision.cpp in Sources */ = {isa = PBXBuildFile; fileRef = 305F3E7F2073BAF200EE1FF6 /* collision.cpp */; };
		3064E9A42076002E005DBEBD /* mesh.cpp in Sources */ = {isa = PBXBuildFile; fileRef = 3064E9A22076002E005DBEBD /* mesh.cpp */; };
		3064E9A920762210005DBEBD /* script.cpp in Sources */ = {isa = PBXBuildFile; fileRef = 3064E9A720762210005DBEBD /* script.cpp */; };
		3070FD94206A83C2000287DF /* main.cpp in Sources */ = {isa = PBXBuildFile; fileRef = 3070FD93206A83C2000287DF /* main.cpp */; };
		30873741206D2CEA00642A69 /* world.cpp in Sources */ = {isa = PBXBuildFile; fileRef = 3087373F206D2CEA00642A69 /* world.cpp */; };
		FA0B71792089BB150070A18E /* engine.cpp in Sources */ = {isa = PBXBuildFile; fileRef = FA0B71772089BB150070A18E /* engine.cpp */; };
		FA0B717C2089C4830070A18E /* system.cpp in Sources */ = {isa = PBXBuildFile; fileRef = FA0B717B2089C4830070A18E /* system.cpp */; };
		FA1637D7208F15F90075FED6 /* game.cpp in Sources */ = {isa = PBXBuildFile; fileRef = FA1637D5208F15F90075FED6 /* game.cpp */; };
		FADD64FF2099A86400AA9AD4 /* lua_script_system.cpp in Sources */ = {isa = PBXBuildFile; fileRef = FADD64FD2099A86400AA9AD4 /* lua_script_system.cpp */; };
		FADFA9632074B99F001351CF /* input.cpp in Sources */ = {isa = PBXBuildFile; fileRef = FADFA9612074B99F001351CF /* input.cpp */; };
		FADFA9662074C00A001351CF /* renderer.cpp in Sources */ = {isa = PBXBuildFile; fileRef = FADFA9642074C00A001351CF /* renderer.cpp */; };
		FADFA9692074C138001351CF /* OpenGL.framework in Frameworks */ = {isa = PBXBuildFile; fileRef = FADFA9682074C138001351CF /* OpenGL.framework */; };
		FAE0819B207DFEF9000BA909 /* camera_system.cpp in Sources */ = {isa = PBXBuildFile; fileRef = FAE08199207DFEF9000BA909 /* camera_system.cpp */; };
/* End PBXBuildFile section */

/* Begin PBXCopyFilesBuildPhase section */
		3070FD8E206A83C2000287DF /* CopyFiles */ = {
			isa = PBXCopyFilesBuildPhase;
			buildActionMask = 2147483647;
			dstPath = /usr/share/man/man1/;
			dstSubfolderSpec = 0;
			files = (
			);
			runOnlyForDeploymentPostprocessing = 1;
		};
/* End PBXCopyFilesBuildPhase section */

/* Begin PBXFileReference section */
		305F3E7A20738B7F00EE1FF6 /* rigid_body.hpp */ = {isa = PBXFileReference; lastKnownFileType = sourcecode.cpp.h; path = rigid_body.hpp; sourceTree = "<group>"; };
		305F3E7C20738F9800EE1FF6 /* physics.cpp */ = {isa = PBXFileReference; lastKnownFileType = sourcecode.cpp.cpp; path = physics.cpp; sourceTree = "<group>"; };
		305F3E7D20738F9800EE1FF6 /* physics.hpp */ = {isa = PBXFileReference; lastKnownFileType = sourcecode.cpp.h; path = physics.hpp; sourceTree = "<group>"; };
		305F3E7F2073BAF200EE1FF6 /* collision.cpp */ = {isa = PBXFileReference; lastKnownFileType = sourcecode.cpp.cpp; path = collision.cpp; sourceTree = "<group>"; };
		305F3E802073BAF200EE1FF6 /* collision.hpp */ = {isa = PBXFileReference; lastKnownFileType = sourcecode.cpp.h; path = collision.hpp; sourceTree = "<group>"; };
		305F3E822073BB8B00EE1FF6 /* bounding_box.hpp */ = {isa = PBXFileReference; lastKnownFileType = sourcecode.cpp.h; path = bounding_box.hpp; sourceTree = "<group>"; };
		305F3E832073D67A00EE1FF6 /* spring_joint.hpp */ = {isa = PBXFileReference; lastKnownFileType = sourcecode.cpp.h; path = spring_joint.hpp; sourceTree = "<group>"; };
		3064E9A22076002E005DBEBD /* mesh.cpp */ = {isa = PBXFileReference; lastKnownFileType = sourcecode.cpp.cpp; path = mesh.cpp; sourceTree = "<group>"; };
		3064E9A32076002E005DBEBD /* mesh.hpp */ = {isa = PBXFileReference; lastKnownFileType = sourcecode.cpp.h; path = mesh.hpp; sourceTree = "<group>"; };
		3064E9A52076012C005DBEBD /* mesh_filter.hpp */ = {isa = PBXFileReference; lastKnownFileType = sourcecode.cpp.h; path = mesh_filter.hpp; sourceTree = "<group>"; };
		3064E9A620762191005DBEBD /* script.hpp */ = {isa = PBXFileReference; lastKnownFileType = sourcecode.cpp.h; path = script.hpp; sourceTree = "<group>"; };
		3064E9A720762210005DBEBD /* script.cpp */ = {isa = PBXFileReference; lastKnownFileType = sourcecode.cpp.cpp; path = script.cpp; sourceTree = "<group>"; };
		3064E9A820762210005DBEBD /* script.hpp */ = {isa = PBXFileReference; lastKnownFileType = sourcecode.cpp.h; path = script.hpp; sourceTree = "<group>"; };
		3070FD90206A83C2000287DF /* chain */ = {isa = PBXFileReference; explicitFileType = "compiled.mach-o.executable"; includeInIndex = 0; path = chain; sourceTree = BUILT_PRODUCTS_DIR; };
		3070FD93206A83C2000287DF /* main.cpp */ = {isa = PBXFileReference; lastKnownFileType = sourcecode.cpp.cpp; path = main.cpp; sourceTree = "<group>"; };
		3087373E206D0FAF00642A69 /* component_storage.hpp */ = {isa = PBXFileReference; lastKnownFileType = sourcecode.cpp.h; path = component_storage.hpp; sourceTree = "<group>"; };
		3087373F206D2CEA00642A69 /* world.cpp */ = {isa = PBXFileReference; lastKnownFileType = sourcecode.cpp.cpp; path = world.cpp; sourceTree = "<group>"; };
		30873740206D2CEA00642A69 /* world.hpp */ = {isa = PBXFileReference; lastKnownFileType = sourcecode.cpp.h; path = world.hpp; sourceTree = "<group>"; };
		FA0B71772089BB150070A18E /* engine.cpp */ = {isa = PBXFileReference; lastKnownFileType = sourcecode.cpp.cpp; path = engine.cpp; sourceTree = "<group>"; };
		FA0B71782089BB150070A18E /* engine.hpp */ = {isa = PBXFileReference; lastKnownFileType = sourcecode.cpp.h; path = engine.hpp; sourceTree = "<group>"; };
		FA0B717A2089C3BF0070A18E /* system.hpp */ = {isa = PBXFileReference; lastKnownFileType = sourcecode.cpp.h; path = system.hpp; sourceTree = "<group>"; };
		FA0B717B2089C4830070A18E /* system.cpp */ = {isa = PBXFileReference; lastKnownFileType = sourcecode.cpp.cpp; path = system.cpp; sourceTree = "<group>"; };
		FA1637D5208F15F90075FED6 /* game.cpp */ = {isa = PBXFileReference; lastKnownFileType = sourcecode.cpp.cpp; path = game.cpp; sourceTree = "<group>"; };
		FA1637D6208F15F90075FED6 /* game.hpp */ = {isa = PBXFileReference; lastKnownFileType = sourcecode.cpp.h; path = game.hpp; sourceTree = "<group>"; };
		FA1FF0F420B33F8500C08BE0 /* vector_wrapper.hpp */ = {isa = PBXFileReference; lastKnownFileType = sourcecode.cpp.h; path = vector_wrapper.hpp; sourceTree = "<group>"; };
		FA579FDA207540D600F59139 /* static_mesh.hpp */ = {isa = PBXFileReference; lastKnownFileType = sourcecode.cpp.h; path = static_mesh.hpp; sourceTree = "<group>"; };
		FAC38E5B206E963F00E1778A /* components.hpp */ = {isa = PBXFileReference; lastKnownFileType = sourcecode.cpp.h; path = components.hpp; sourceTree = "<group>"; };
		FAC38E5D206E966700E1778A /* transform.hpp */ = {isa = PBXFileReference; lastKnownFileType = sourcecode.cpp.h; path = transform.hpp; sourceTree = "<group>"; };
		FAC38E5E206E96E100E1778A /* vec.hpp */ = {isa = PBXFileReference; lastKnownFileType = sourcecode.cpp.h; path = vec.hpp; sourceTree = "<group>"; };
		FAC38E5F206E96F800E1778A /* precision.hpp */ = {isa = PBXFileReference; lastKnownFileType = sourcecode.cpp.h; path = precision.hpp; sourceTree = "<group>"; };
		FAC38E61206E977700E1778A /* component_collection.hpp */ = {isa = PBXFileReference; lastKnownFileType = sourcecode.cpp.h; path = component_collection.hpp; sourceTree = "<group>"; };
		FAC38E63206E980700E1778A /* mat.hpp */ = {isa = PBXFileReference; lastKnownFileType = sourcecode.cpp.h; path = mat.hpp; sourceTree = "<group>"; };
		FADD64FC2099A70D00AA9AD4 /* lua_script.hpp */ = {isa = PBXFileReference; lastKnownFileType = sourcecode.cpp.h; path = lua_script.hpp; sourceTree = "<group>"; };
		FADD64FD2099A86400AA9AD4 /* lua_script_system.cpp */ = {isa = PBXFileReference; lastKnownFileType = sourcecode.cpp.cpp; path = lua_script_system.cpp; sourceTree = "<group>"; };
		FADD64FE2099A86400AA9AD4 /* lua_script_system.hpp */ = {isa = PBXFileReference; lastKnownFileType = sourcecode.cpp.h; path = lua_script_system.hpp; sourceTree = "<group>"; };
		FADFA9612074B99F001351CF /* input.cpp */ = {isa = PBXFileReference; lastKnownFileType = sourcecode.cpp.cpp; path = input.cpp; sourceTree = "<group>"; };
		FADFA9622074B99F001351CF /* input.hpp */ = {isa = PBXFileReference; lastKnownFileType = sourcecode.cpp.h; path = input.hpp; sourceTree = "<group>"; };
		FADFA9642074C00A001351CF /* renderer.cpp */ = {isa = PBXFileReference; lastKnownFileType = sourcecode.cpp.cpp; path = renderer.cpp; sourceTree = "<group>"; };
		FADFA9652074C00A001351CF /* renderer.hpp */ = {isa = PBXFileReference; lastKnownFileType = sourcecode.cpp.h; path = renderer.hpp; sourceTree = "<group>"; };
		FADFA9682074C138001351CF /* OpenGL.framework */ = {isa = PBXFileReference; lastKnownFileType = wrapper.framework; name = OpenGL.framework; path = System/Library/Frameworks/OpenGL.framework; sourceTree = SDKROOT; };
		FAE08198207DFAD3000BA909 /* camera.hpp */ = {isa = PBXFileReference; lastKnownFileType = sourcecode.cpp.h; path = camera.hpp; sourceTree = "<group>"; };
		FAE08199207DFEF9000BA909 /* camera_system.cpp */ = {isa = PBXFileReference; lastKnownFileType = sourcecode.cpp.cpp; path = camera_system.cpp; sourceTree = "<group>"; };
		FAE0819A207DFEF9000BA909 /* camera_system.hpp */ = {isa = PBXFileReference; lastKnownFileType = sourcecode.cpp.h; path = camera_system.hpp; sourceTree = "<group>"; };
/* End PBXFileReference section */

/* Begin PBXFrameworksBuildPhase section */
		3070FD8D206A83C2000287DF /* Frameworks */ = {
			isa = PBXFrameworksBuildPhase;
			buildActionMask = 2147483647;
			files = (
				FADFA9692074C138001351CF /* OpenGL.framework in Frameworks */,
			);
			runOnlyForDeploymentPostprocessing = 0;
		};
/* End PBXFrameworksBuildPhase section */

/* Begin PBXGroup section */
		305F3E7B20738F8500EE1FF6 /* systems */ = {
			isa = PBXGroup;
			children = (
				305F3E7C20738F9800EE1FF6 /* physics.cpp */,
				305F3E7D20738F9800EE1FF6 /* physics.hpp */,
				305F3E7F2073BAF200EE1FF6 /* collision.cpp */,
				305F3E802073BAF200EE1FF6 /* collision.hpp */,
				FADFA9612074B99F001351CF /* input.cpp */,
				FADFA9622074B99F001351CF /* input.hpp */,
				FADFA9642074C00A001351CF /* renderer.cpp */,
				FADFA9652074C00A001351CF /* renderer.hpp */,
				3064E9A22076002E005DBEBD /* mesh.cpp */,
				3064E9A32076002E005DBEBD /* mesh.hpp */,
				3064E9A720762210005DBEBD /* script.cpp */,
				3064E9A820762210005DBEBD /* script.hpp */,
				FAE08199207DFEF9000BA909 /* camera_system.cpp */,
				FAE0819A207DFEF9000BA909 /* camera_system.hpp */,
				FA0B717B2089C4830070A18E /* system.cpp */,
				FA0B717A2089C3BF0070A18E /* system.hpp */,
				FADD64FD2099A86400AA9AD4 /* lua_script_system.cpp */,
				FADD64FE2099A86400AA9AD4 /* lua_script_system.hpp */,
			);
			path = systems;
			sourceTree = "<group>";
		};
		3070FD87206A83C2000287DF = {
			isa = PBXGroup;
			children = (
				3070FD92206A83C2000287DF /* chain */,
				FADFA9672074C138001351CF /* Frameworks */,
				3070FD91206A83C2000287DF /* Products */,
			);
			sourceTree = "<group>";
		};
		3070FD91206A83C2000287DF /* Products */ = {
			isa = PBXGroup;
			children = (
				3070FD90206A83C2000287DF /* chain */,
			);
			name = Products;
			sourceTree = "<group>";
		};
		3070FD92206A83C2000287DF /* chain */ = {
			isa = PBXGroup;
			children = (
				3070FD93206A83C2000287DF /* main.cpp */,
				FA0B71772089BB150070A18E /* engine.cpp */,
				FA0B71782089BB150070A18E /* engine.hpp */,
				FAC38E5C206E964800E1778A /* components */,
				FAC38E62206E97EE00E1778A /* math */,
				305F3E7B20738F8500EE1FF6 /* systems */,
				FAC38E60206E976700E1778A /* world */,
				FA1637D5208F15F90075FED6 /* game.cpp */,
				FA1637D6208F15F90075FED6 /* game.hpp */,
				FA1FF0F420B33F8500C08BE0 /* vector_wrapper.hpp */,
			);
			path = chain;
			sourceTree = "<group>";
		};
		FAC38E5C206E964800E1778A /* components */ = {
			isa = PBXGroup;
			children = (
				FAC38E61206E977700E1778A /* component_collection.hpp */,
				3087373E206D0FAF00642A69 /* component_storage.hpp */,
				FAC38E5B206E963F00E1778A /* components.hpp */,
				305F3E7A20738B7F00EE1FF6 /* rigid_body.hpp */,
				FAC38E5D206E966700E1778A /* transform.hpp */,
				305F3E822073BB8B00EE1FF6 /* bounding_box.hpp */,
				305F3E832073D67A00EE1FF6 /* spring_joint.hpp */,
				FA579FDA207540D600F59139 /* static_mesh.hpp */,
				3064E9A52076012C005DBEBD /* mesh_filter.hpp */,
				3064E9A620762191005DBEBD /* script.hpp */,
				FAE08198207DFAD3000BA909 /* camera.hpp */,
				FADD64FC2099A70D00AA9AD4 /* lua_script.hpp */,
			);
			path = components;
			sourceTree = "<group>";
		};
		FAC38E60206E976700E1778A /* world */ = {
			isa = PBXGroup;
			children = (
				3087373F206D2CEA00642A69 /* world.cpp */,
				30873740206D2CEA00642A69 /* world.hpp */,
			);
			path = world;
			sourceTree = "<group>";
		};
		FAC38E62206E97EE00E1778A /* math */ = {
			isa = PBXGroup;
			children = (
				FAC38E5E206E96E100E1778A /* vec.hpp */,
				FAC38E5F206E96F800E1778A /* precision.hpp */,
				FAC38E63206E980700E1778A /* mat.hpp */,
			);
			path = math;
			sourceTree = "<group>";
		};
		FADFA9672074C138001351CF /* Frameworks */ = {
			isa = PBXGroup;
			children = (
				FADFA9682074C138001351CF /* OpenGL.framework */,
			);
			name = Frameworks;
			sourceTree = "<group>";
		};
/* End PBXGroup section */

/* Begin PBXNativeTarget section */
		3070FD8F206A83C2000287DF /* chain */ = {
			isa = PBXNativeTarget;
			buildConfigurationList = 3070FD97206A83C2000287DF /* Build configuration list for PBXNativeTarget "chain" */;
			buildPhases = (
				3070FD8C206A83C2000287DF /* Sources */,
				3070FD8D206A83C2000287DF /* Frameworks */,
				3070FD8E206A83C2000287DF /* CopyFiles */,
			);
			buildRules = (
			);
			dependencies = (
			);
			name = chain;
			productName = chain;
			productReference = 3070FD90206A83C2000287DF /* chain */;
			productType = "com.apple.product-type.tool";
		};
/* End PBXNativeTarget section */

/* Begin PBXProject section */
		3070FD88206A83C2000287DF /* Project object */ = {
			isa = PBXProject;
			attributes = {
				LastUpgradeCheck = 0920;
				ORGANIZATIONNAME = Danny;
				TargetAttributes = {
					3070FD8F206A83C2000287DF = {
						CreatedOnToolsVersion = 9.2;
						ProvisioningStyle = Automatic;
					};
				};
			};
			buildConfigurationList = 3070FD8B206A83C2000287DF /* Build configuration list for PBXProject "chain" */;
			compatibilityVersion = "Xcode 8.0";
			developmentRegion = en;
			hasScannedForEncodings = 0;
			knownRegions = (
				en,
			);
			mainGroup = 3070FD87206A83C2000287DF;
			productRefGroup = 3070FD91206A83C2000287DF /* Products */;
			projectDirPath = "";
			projectRoot = "";
			targets = (
				3070FD8F206A83C2000287DF /* chain */,
			);
		};
/* End PBXProject section */

/* Begin PBXSourcesBuildPhase section */
		3070FD8C206A83C2000287DF /* Sources */ = {
			isa = PBXSourcesBuildPhase;
			buildActionMask = 2147483647;
			files = (
				3064E9A920762210005DBEBD /* script.cpp in Sources */,
				FA0B71792089BB150070A18E /* engine.cpp in Sources */,
				FAE0819B207DFEF9000BA909 /* camera_system.cpp in Sources */,
				FADD64FF2099A86400AA9AD4 /* lua_script_system.cpp in Sources */,
				FA0B717C2089C4830070A18E /* system.cpp in Sources */,
				30873741206D2CEA00642A69 /* world.cpp in Sources */,
				FADFA9632074B99F001351CF /* input.cpp in Sources */,
				305F3E7E20738F9800EE1FF6 /* physics.cpp in Sources */,
				FADFA9662074C00A001351CF /* renderer.cpp in Sources */,
				305F3E812073BAF200EE1FF6 /* collision.cpp in Sources */,
				3064E9A42076002E005DBEBD /* mesh.cpp in Sources */,
				3070FD94206A83C2000287DF /* main.cpp in Sources */,
				FA1637D7208F15F90075FED6 /* game.cpp in Sources */,
			);
			runOnlyForDeploymentPostprocessing = 0;
		};
/* End PBXSourcesBuildPhase section */

/* Begin XCBuildConfiguration section */
		3070FD95206A83C2000287DF /* Debug */ = {
			isa = XCBuildConfiguration;
			buildSettings = {
				ALWAYS_SEARCH_USER_PATHS = NO;
				CLANG_ANALYZER_NONNULL = YES;
				CLANG_ANALYZER_NUMBER_OBJECT_CONVERSION = YES_AGGRESSIVE;
				CLANG_CXX_LANGUAGE_STANDARD = "gnu++14";
				CLANG_CXX_LIBRARY = "libc++";
				CLANG_ENABLE_MODULES = YES;
				CLANG_ENABLE_OBJC_ARC = YES;
				CLANG_WARN_BLOCK_CAPTURE_AUTORELEASING = YES;
				CLANG_WARN_BOOL_CONVERSION = YES;
				CLANG_WARN_COMMA = YES;
				CLANG_WARN_CONSTANT_CONVERSION = YES;
				CLANG_WARN_DIRECT_OBJC_ISA_USAGE = YES_ERROR;
				CLANG_WARN_DOCUMENTATION_COMMENTS = YES;
				CLANG_WARN_EMPTY_BODY = YES;
				CLANG_WARN_ENUM_CONVERSION = YES;
				CLANG_WARN_INFINITE_RECURSION = YES;
				CLANG_WARN_INT_CONVERSION = YES;
				CLANG_WARN_NON_LITERAL_NULL_CONVERSION = YES;
				CLANG_WARN_OBJC_LITERAL_CONVERSION = YES;
				CLANG_WARN_OBJC_ROOT_CLASS = YES_ERROR;
				CLANG_WARN_RANGE_LOOP_ANALYSIS = YES;
				CLANG_WARN_STRICT_PROTOTYPES = YES;
				CLANG_WARN_SUSPICIOUS_MOVE = YES;
				CLANG_WARN_UNGUARDED_AVAILABILITY = YES_AGGRESSIVE;
				CLANG_WARN_UNREACHABLE_CODE = YES;
				CLANG_WARN__DUPLICATE_METHOD_MATCH = YES;
				CODE_SIGN_IDENTITY = "-";
				COPY_PHASE_STRIP = NO;
				DEBUG_INFORMATION_FORMAT = dwarf;
				ENABLE_STRICT_OBJC_MSGSEND = YES;
				ENABLE_TESTABILITY = YES;
				GCC_C_LANGUAGE_STANDARD = gnu11;
				GCC_DYNAMIC_NO_PIC = NO;
				GCC_NO_COMMON_BLOCKS = YES;
				GCC_OPTIMIZATION_LEVEL = 0;
				GCC_PREPROCESSOR_DEFINITIONS = (
					"DEBUG=1",
					"$(inherited)",
				);
				GCC_WARN_64_TO_32_BIT_CONVERSION = YES;
				GCC_WARN_ABOUT_RETURN_TYPE = YES_ERROR;
				GCC_WARN_UNDECLARED_SELECTOR = YES;
				GCC_WARN_UNINITIALIZED_AUTOS = YES_AGGRESSIVE;
				GCC_WARN_UNUSED_FUNCTION = YES;
				GCC_WARN_UNUSED_VARIABLE = YES;
				HEADER_SEARCH_PATHS = /usr/local/include;
				LIBRARY_SEARCH_PATHS = /usr/local/lib;
				MACOSX_DEPLOYMENT_TARGET = 10.12;
				MTL_ENABLE_DEBUG_INFO = YES;
				ONLY_ACTIVE_ARCH = YES;
				OTHER_CPLUSPLUSFLAGS = (
					"$(OTHER_CFLAGS)",
					"-std=c++1z",
				);
				OTHER_LDFLAGS = "-lglfw";
				SDKROOT = macosx;
			};
			name = Debug;
		};
		3070FD96206A83C2000287DF /* Release */ = {
			isa = XCBuildConfiguration;
			buildSettings = {
				ALWAYS_SEARCH_USER_PATHS = NO;
				CLANG_ANALYZER_NONNULL = YES;
				CLANG_ANALYZER_NUMBER_OBJECT_CONVERSION = YES_AGGRESSIVE;
				CLANG_CXX_LANGUAGE_STANDARD = "gnu++14";
				CLANG_CXX_LIBRARY = "libc++";
				CLANG_ENABLE_MODULES = YES;
				CLANG_ENABLE_OBJC_ARC = YES;
				CLANG_WARN_BLOCK_CAPTURE_AUTORELEASING = YES;
				CLANG_WARN_BOOL_CONVERSION = YES;
				CLANG_WARN_COMMA = YES;
				CLANG_WARN_CONSTANT_CONVERSION = YES;
				CLANG_WARN_DIRECT_OBJC_ISA_USAGE = YES_ERROR;
				CLANG_WARN_DOCUMENTATION_COMMENTS = YES;
				CLANG_WARN_EMPTY_BODY = YES;
				CLANG_WARN_ENUM_CONVERSION = YES;
				CLANG_WARN_INFINITE_RECURSION = YES;
				CLANG_WARN_INT_CONVERSION = YES;
				CLANG_WARN_NON_LITERAL_NULL_CONVERSION = YES;
				CLANG_WARN_OBJC_LITERAL_CONVERSION = YES;
				CLANG_WARN_OBJC_ROOT_CLASS = YES_ERROR;
				CLANG_WARN_RANGE_LOOP_ANALYSIS = YES;
				CLANG_WARN_STRICT_PROTOTYPES = YES;
				CLANG_WARN_SUSPICIOUS_MOVE = YES;
				CLANG_WARN_UNGUARDED_AVAILABILITY = YES_AGGRESSIVE;
				CLANG_WARN_UNREACHABLE_CODE = YES;
				CLANG_WARN__DUPLICATE_METHOD_MATCH = YES;
				CODE_SIGN_IDENTITY = "-";
				COPY_PHASE_STRIP = NO;
				DEBUG_INFORMATION_FORMAT = "dwarf-with-dsym";
				ENABLE_NS_ASSERTIONS = NO;
				ENABLE_STRICT_OBJC_MSGSEND = YES;
				GCC_C_LANGUAGE_STANDARD = gnu11;
				GCC_NO_COMMON_BLOCKS = YES;
				GCC_WARN_64_TO_32_BIT_CONVERSION = YES;
				GCC_WARN_ABOUT_RETURN_TYPE = YES_ERROR;
				GCC_WARN_UNDECLARED_SELECTOR = YES;
				GCC_WARN_UNINITIALIZED_AUTOS = YES_AGGRESSIVE;
				GCC_WARN_UNUSED_FUNCTION = YES;
				GCC_WARN_UNUSED_VARIABLE = YES;
				HEADER_SEARCH_PATHS = /usr/local/include;
				LIBRARY_SEARCH_PATHS = /usr/local/lib;
				MACOSX_DEPLOYMENT_TARGET = 10.12;
				MTL_ENABLE_DEBUG_INFO = NO;
				OTHER_CPLUSPLUSFLAGS = (
					"$(OTHER_CFLAGS)",
					"-std=c++1z",
				);
				OTHER_LDFLAGS = "-lglfw";
				SDKROOT = macosx;
			};
			name = Release;
		};
		3070FD98206A83C2000287DF /* Debug */ = {
			isa = XCBuildConfiguration;
			buildSettings = {
				CLANG_CXX_LANGUAGE_STANDARD = "c++17";
				CODE_SIGN_STYLE = Automatic;
				OTHER_CPLUSPLUSFLAGS = "$(OTHER_CFLAGS)";
				OTHER_LDFLAGS = (
					"-lglfw",
					"-lbear-graphics_static",
					"-llua",
				);
				PRODUCT_NAME = "$(TARGET_NAME)";
			};
			name = Debug;
		};
		3070FD99206A83C2000287DF /* Release */ = {
			isa = XCBuildConfiguration;
			buildSettings = {
				CLANG_CXX_LANGUAGE_STANDARD = "c++17";
				CODE_SIGN_STYLE = Automatic;
				OTHER_CPLUSPLUSFLAGS = "$(OTHER_CFLAGS)";
				OTHER_LDFLAGS = (
					"-lglfw",
					"-lbear-graphics_static",
					"-llua",
				);
				PRODUCT_NAME = "$(TARGET_NAME)";
			};
			name = Release;
		};
/* End XCBuildConfiguration section */

/* Begin XCConfigurationList section */
		3070FD8B206A83C2000287DF /* Build configuration list for PBXProject "chain" */ = {
			isa = XCConfigurationList;
			buildConfigurations = (
				3070FD95206A83C2000287DF /* Debug */,
				3070FD96206A83C2000287DF /* Release */,
			);
			defaultConfigurationIsVisible = 0;
			defaultConfigurationName = Release;
		};
		3070FD97206A83C2000287DF /* Build configuration list for PBXNativeTarget "chain" */ = {
			isa = XCConfigurationList;
			buildConfigurations = (
				3070FD98206A83C2000287DF /* Debug */,
				3070FD99206A83C2000287DF /* Release */,
			);
			defaultConfigurationIsVisible = 0;
			defaultConfigurationName = Release;
		};
/* End XCConfigurationList section */
	};
	rootObject = 3070FD88206A83C2000287DF /* Project object */;
}
